Microsoft Visual Studio Solution File, Format Version 12.00
# Visual Studio 2012
Project("{FAE04EC0-301F-11D3-BF4B-00C04F79EFBC}") = "HexGeneral", "HexGeneral.csproj", "{50EA680E-2882-46EB-9AA6-DE7CC80840AC}"
EndProject
Project("{FAE04EC0-301F-11D3-BF4B-00C04F79EFBC}") = "GodotUtilities", "..\GodotUtilities\GodotUtilities\GodotUtilities.csproj", "{7FBABE47-CBA1-4649-9E87-EBE94963FA66}"
EndProject
Global
	GlobalSection(SolutionConfigurationPlatforms) = preSolution
	Debug|Any CPU = Debug|Any CPU
	ExportDebug|Any CPU = ExportDebug|Any CPU
	ExportRelease|Any CPU = ExportRelease|Any CPU
	EndGlobalSection
	GlobalSection(ProjectConfigurationPlatforms) = postSolution
		{50EA680E-2882-46EB-9AA6-DE7CC80840AC}.Debug|Any CPU.ActiveCfg = Debug|Any CPU
		{50EA680E-2882-46EB-9AA6-DE7CC80840AC}.Debug|Any CPU.Build.0 = Debug|Any CPU
		{50EA680E-2882-46EB-9AA6-DE7CC80840AC}.ExportDebug|Any CPU.ActiveCfg = ExportDebug|Any CPU
		{50EA680E-2882-46EB-9AA6-DE7CC80840AC}.ExportDebug|Any CPU.Build.0 = ExportDebug|Any CPU
		{50EA680E-2882-46EB-9AA6-DE7CC80840AC}.ExportRelease|Any CPU.ActiveCfg = ExportRelease|Any CPU
		{50EA680E-2882-46EB-9AA6-DE7CC80840AC}.ExportRelease|Any CPU.Build.0 = ExportRelease|Any CPU
		{7FBABE47-CBA1-4649-9E87-EBE94963FA66}.Debug|Any CPU.ActiveCfg = Debug|Any CPU
		{7FBABE47-CBA1-4649-9E87-EBE94963FA66}.Debug|Any CPU.Build.0 = Debug|Any CPU
		{7FBABE47-CBA1-4649-9E87-EBE94963FA66}.ExportDebug|Any CPU.ActiveCfg = Debug|Any CPU
		{7FBABE47-CBA1-4649-9E87-EBE94963FA66}.ExportDebug|Any CPU.Build.0 = Debug|Any CPU
		{7FBABE47-CBA1-4649-9E87-EBE94963FA66}.ExportRelease|Any CPU.ActiveCfg = Debug|Any CPU
		{7FBABE47-CBA1-4649-9E87-EBE94963FA66}.ExportRelease|Any CPU.Build.0 = Debug|Any CPU
	EndGlobalSection
EndGlobal
